
Microsoft Visual Studio Solution File, Format Version 12.00
# Visual Studio Version 16
VisualStudioVersion = 16.0.29709.97
MinimumVisualStudioVersion = 10.0.40219.1
Project("{8BC9CEB8-8B4A-11D0-8D11-00A0C91BC942}") = "DummyApplication", "DummyApplication\DummyApplication.vcxproj", "{A477A596-A5B3-46A6-92D7-DDF982767362}"
EndProject
Global
	GlobalSection(SolutionConfigurationPlatforms) = preSolution
		Debug|x64 = Debug|x64
		Debug|x86 = Debug|x86
		Release|x64 = Release|x64
		Release|x86 = Release|x86
	EndGlobalSection
	GlobalSection(ProjectConfigurationPlatforms) = postSolution
		{A477A596-A5B3-46A6-92D7-DDF982767362}.Debug|x64.ActiveCfg = Debug|x64
		{A477A596-A5B3-46A6-92D7-DDF982767362}.Debug|x64.Build.0 = Debug|x64
		{A477A596-A5B3-46A6-92D7-DDF982767362}.Debug|x86.ActiveCfg = Debug|Win32
		{A477A596-A5B3-46A6-92D7-DDF982767362}.Debug|x86.Build.0 = Debug|Win32
		{A477A596-A5B3-46A6-92D7-DDF982767362}.Release|x64.ActiveCfg = Release|x64
		{A477A596-A5B3-46A6-92D7-DDF982767362}.Release|x64.Build.0 = Release|x64
		{A477A596-A5B3-46A6-92D7-DDF982767362}.Release|x86.ActiveCfg = Release|Win32
		{A477A596-A5B3-46A6-92D7-DDF982767362}.Release|x86.Build.0 = Release|Win32
	EndGlobalSection
	GlobalSection(SolutionProperties) = preSolution
		HideSolutionNode = FALSE
	EndGlobalSection
	GlobalSection(ExtensibilityGlobals) = postSolution
		SolutionGuid = {A9FA49CA-8DCE-47FD-BEC9-AE4397D4D32D}
	EndGlobalSection
EndGlobal
